Microsoft Visual Studio Solution File, Format Version 11.00
# Visual Studio 2008

Project("{8171F481-8B04-89DC-C3F2-77F1894E7457}") = "Chen2020", "Assembly-CSharp.csproj", "{5966DF84-5036-B1B7-87EE-AB234CD1FE28}"
EndProject
Global
	GlobalSection(SolutionConfigurationPlatforms) = preSolution
		Debug|Any CPU = Debug|Any CPU
		Release|Any CPU = Release|Any CPU
	EndGlobalSection
	GlobalSection(ProjectConfigurationPlatforms) = postSolution
		{5966DF84-5036-B1B7-87EE-AB234CD1FE28}.Debug|Any CPU.ActiveCfg = Debug|Any CPU
		{5966DF84-5036-B1B7-87EE-AB234CD1FE28}.Debug|Any CPU.Build.0 = Debug|Any CPU
		{5966DF84-5036-B1B7-87EE-AB234CD1FE28}.Release|Any CPU.ActiveCfg = Release|Any CPU
		{5966DF84-5036-B1B7-87EE-AB234CD1FE28}.Release|Any CPU.Build.0 = Release|Any CPU
	EndGlobalSection
	GlobalSection(SolutionProperties) = preSolution
		HideSolutionNode = FALSE
	EndGlobalSection
	GlobalSection(MonoDevelopProperties) = preSolution
		StartupItem = Assembly-CSharp.csproj
	EndGlobalSection
EndGlobal
